# THIS IS AN AUTOGENERATED FILE. DO NOT EDIT THIS FILE DIRECTLY.
# yarn lockfile v1


"@types/wechat-miniprogram@^3.0.0":
  version "3.0.0"
  resolved "https://registry.npm.taobao.org/@types/wechat-miniprogram/download/@types/wechat-miniprogram-3.0.0.tgz#401d0bf4f437dd9463e8ca99209e4742302d1e54"
  integrity sha1-QB0L9PQ33ZRj6MqZIJ5HQjAtHlQ=

"@vant/weapp@^1.5.2":
  version "1.5.2"
  resolved "https://registry.npm.taobao.org/@vant/weapp/download/@vant/weapp-1.5.2.tgz#ea09223f52b3a0ccc4c914ebe586b69b0c801685"
  integrity sha1-6gkiP1KzoMzEyRTr5Ya2mwyAFoU=
  dependencies:
    "@types/wechat-miniprogram" "^3.0.0"

blueimp-md5@^2.18.0:
  version "2.18.0"
  resolved "https://registry.npm.taobao.org/blueimp-md5/download/blueimp-md5-2.18.0.tgz#1152be1335f0c6b3911ed9e36db54f3e6ac52935"
  integrity sha1-EVK+EzXwxrORHtnjbbVPPmrFKTU=

dayjs@^1.9.3:
  version "1.9.3"
  resolved "https://registry.npm.taobao.org/dayjs/download/dayjs-1.9.3.tgz?cache=0&sync_timestamp=1602580823000&other_urls=https%3A%2F%2Fregistry.npm.taobao.org%2Fdayjs%2Fdownload%2Fdayjs-1.9.3.tgz#b7f94b22ad2a136a4ca02a01ab68ae893fe1a268"
  integrity sha1-t/lLIq0qE2pMoCoBq2iuiT/homg=

lodash.merge@^4.6.2:
  version "4.6.2"
  resolved "https://registry.npm.taobao.org/lodash.merge/download/lodash.merge-4.6.2.tgz#558aa53b43b661e1925a0afdfa36a9a1085fe57a"
  integrity sha1-VYqlO0O2YeGSWgr9+japoQhf5Xo=

qs@^6.9.4:
  version "6.9.4"
  resolved "https://registry.yarnpkg.com/qs/-/qs-6.9.4.tgz#9090b290d1f91728d3c22e54843ca44aea5ab687"
  integrity sha512-A1kFqHekCTM7cz0udomYUoYNWjBebHm/5wzU/XqrBRBNWectVH0QIiN+NEcZ0Dte5hvzHwbr8+XQmguPhJ6WdQ==
